// !$*UTF8*$!
{
	archiveVersion = 1;
	classes = {
	};
	objectVersion = 56;
	objects = {

/* Begin PBXBuildFile section */
		040CD54F297B224D00CB84F2 /* HomeViewController.swift in Sources */ = {isa = PBXBuildFile; fileRef = 040CD54E297B224D00CB84F2 /* HomeViewController.swift */; };
		0412CD86297B2A0A00944B2D /* Model.swift in Sources */ = {isa = PBXBuildFile; fileRef = 0412CD85297B2A0A00944B2D /* Model.swift */; };
		0412CD89297B2DF700944B2D /* TableViewCell.swift in Sources */ = {isa = PBXBuildFile; fileRef = 0412CD88297B2DF700944B2D /* TableViewCell.swift */; };
		0412CD8C297C20F000944B2D /* ViewModel.swift in Sources */ = {isa = PBXBuildFile; fileRef = 0412CD8B297C20F000944B2D /* ViewModel.swift */; };
		048676E1297AE2820024F268 /* AppDelegate.swift in Sources */ = {isa = PBXBuildFile; fileRef = 048676E0297AE2820024F268 /* AppDelegate.swift */; };
		048676E3297AE2820024F268 /* SceneDelegate.swift in Sources */ = {isa = PBXBuildFile; fileRef = 048676E2297AE2820024F268 /* SceneDelegate.swift */; };
		048676E5297AE2820024F268 /* LoginViewController.swift in Sources */ = {isa = PBXBuildFile; fileRef = 048676E4297AE2820024F268 /* LoginViewController.swift */; };
		048676E8297AE2820024F268 /* Main.storyboard in Resources */ = {isa = PBXBuildFile; fileRef = 048676E6297AE2820024F268 /* Main.storyboard */; };
		048676EB297AE2830024F268 /* KathiravanVajroTask.xcdatamodeld in Sources */ = {isa = PBXBuildFile; fileRef = 048676E9297AE2820024F268 /* KathiravanVajroTask.xcdatamodeld */; };
		048676ED297AE2950024F268 /* Assets.xcassets in Resources */ = {isa = PBXBuildFile; fileRef = 048676EC297AE2950024F268 /* Assets.xcassets */; };
		048676F0297AE2950024F268 /* LaunchScreen.storyboard in Resources */ = {isa = PBXBuildFile; fileRef = 048676EE297AE2950024F268 /* LaunchScreen.storyboard */; };
		048676FB297AE2960024F268 /* KathiravanVajroTaskTests.swift in Sources */ = {isa = PBXBuildFile; fileRef = 048676FA297AE2960024F268 /* KathiravanVajroTaskTests.swift */; };
		04867705297AE2960024F268 /* KathiravanVajroTaskUITests.swift in Sources */ = {isa = PBXBuildFile; fileRef = 04867704297AE2960024F268 /* KathiravanVajroTaskUITests.swift */; };
		04867707297AE2960024F268 /* KathiravanVajroTaskUITestsLaunchTests.swift in Sources */ = {isa = PBXBuildFile; fileRef = 04867706297AE2960024F268 /* KathiravanVajroTaskUITestsLaunchTests.swift */; };
		04D28761297C480C00998686 /* Extention TableView.swift in Sources */ = {isa = PBXBuildFile; fileRef = 04D28760297C480C00998686 /* Extention TableView.swift */; };
		04D28763297C48F600998686 /* WebHTMLViewController.swift in Sources */ = {isa = PBXBuildFile; fileRef = 04D28762297C48F600998686 /* WebHTMLViewController.swift */; };
/* End PBXBuildFile section */

/* Begin PBXContainerItemProxy section */
		048676F7297AE2960024F268 /* PBXContainerItemProxy */ = {
			isa = PBXContainerItemProxy;
			containerPortal = 048676D5297AE2820024F268 /* Project object */;
			proxyType = 1;
			remoteGlobalIDString = 048676DC297AE2820024F268;
			remoteInfo = KathiravanVajroTask;
		};
		04867701297AE2960024F268 /* PBXContainerItemProxy */ = {
			isa = PBXContainerItemProxy;
			containerPortal = 048676D5297AE2820024F268 /* Project object */;
			proxyType = 1;
			remoteGlobalIDString = 048676DC297AE2820024F268;
			remoteInfo = KathiravanVajroTask;
		};
/* End PBXContainerItemProxy section */

/* Begin PBXFileReference section */
		040CD54E297B224D00CB84F2 /* HomeViewController.swift */ = {isa = PBXFileReference; lastKnownFileType = sourcecode.swift; path = HomeViewController.swift; sourceTree = "<group>"; };
		0412CD85297B2A0A00944B2D /* Model.swift */ = {isa = PBXFileReference; lastKnownFileType = sourcecode.swift; path = Model.swift; sourceTree = "<group>"; };
		0412CD88297B2DF700944B2D /* TableViewCell.swift */ = {isa = PBXFileReference; lastKnownFileType = sourcecode.swift; path = TableViewCell.swift; sourceTree = "<group>"; };
		0412CD8B297C20F000944B2D /* ViewModel.swift */ = {isa = PBXFileReference; lastKnownFileType = sourcecode.swift; path = ViewModel.swift; sourceTree = "<group>"; };
		048676DD297AE2820024F268 /* KathiravanVajroTask.app */ = {isa = PBXFileReference; explicitFileType = wrapper.application; includeInIndex = 0; path = KathiravanVajroTask.app; sourceTree = BUILT_PRODUCTS_DIR; };
		048676E0297AE2820024F268 /* AppDelegate.swift */ = {isa = PBXFileReference; lastKnownFileType = sourcecode.swift; path = AppDelegate.swift; sourceTree = "<group>"; };
		048676E2297AE2820024F268 /* SceneDelegate.swift */ = {isa = PBXFileReference; lastKnownFileType = sourcecode.swift; path = SceneDelegate.swift; sourceTree = "<group>"; };
		048676E4297AE2820024F268 /* LoginViewController.swift */ = {isa = PBXFileReference; lastKnownFileType = sourcecode.swift; path = LoginViewController.swift; sourceTree = "<group>"; };
		048676E7297AE2820024F268 /* Base */ = {isa = PBXFileReference; lastKnownFileType = file.storyboard; name = Base; path = Base.lproj/Main.storyboard; sourceTree = "<group>"; };
		048676EA297AE2820024F268 /* KathiravanVajroTask.xcdatamodel */ = {isa = PBXFileReference; lastKnownFileType = wrapper.xcdatamodel; path = KathiravanVajroTask.xcdatamodel; sourceTree = "<group>"; };
		048676EC297AE2950024F268 /* Assets.xcassets */ = {isa = PBXFileReference; lastKnownFileType = folder.assetcatalog; path = Assets.xcassets; sourceTree = "<group>"; };
		048676EF297AE2950024F268 /* Base */ = {isa = PBXFileReference; lastKnownFileType = file.storyboard; name = Base; path = Base.lproj/LaunchScreen.storyboard; sourceTree = "<group>"; };
		048676F1297AE2950024F268 /* Info.plist */ = {isa = PBXFileReference; lastKnownFileType = text.plist.xml; path = Info.plist; sourceTree = "<group>"; };
		048676F6297AE2960024F268 /* KathiravanVajroTaskTests.xctest */ = {isa = PBXFileReference; explicitFileType = wrapper.cfbundle; includeInIndex = 0; path = KathiravanVajroTaskTests.xctest; sourceTree = BUILT_PRODUCTS_DIR; };
		048676FA297AE2960024F268 /* KathiravanVajroTaskTests.swift */ = {isa = PBXFileReference; lastKnownFileType = sourcecode.swift; path = KathiravanVajroTaskTests.swift; sourceTree = "<group>"; };
		04867700297AE2960024F268 /* KathiravanVajroTaskUITests.xctest */ = {isa = PBXFileReference; explicitFileType = wrapper.cfbundle; includeInIndex = 0; path = KathiravanVajroTaskUITests.xctest; sourceTree = BUILT_PRODUCTS_DIR; };
		04867704297AE2960024F268 /* KathiravanVajroTaskUITests.swift */ = {isa = PBXFileReference; lastKnownFileType = sourcecode.swift; path = KathiravanVajroTaskUITests.swift; sourceTree = "<group>"; };
		04867706297AE2960024F268 /* KathiravanVajroTaskUITestsLaunchTests.swift */ = {isa = PBXFileReference; lastKnownFileType = sourcecode.swift; path = KathiravanVajroTaskUITestsLaunchTests.swift; sourceTree = "<group>"; };
		04D28760297C480C00998686 /* Extention TableView.swift */ = {isa = PBXFileReference; lastKnownFileType = sourcecode.swift; path = "Extention TableView.swift"; sourceTree = "<group>"; };
		04D28762297C48F600998686 /* WebHTMLViewController.swift */ = {isa = PBXFileReference; lastKnownFileType = sourcecode.swift; path = WebHTMLViewController.swift; sourceTree = "<group>"; };
/* End PBXFileReference section */

/* Begin PBXFrameworksBuildPhase section */
		048676DA297AE2820024F268 /* Frameworks */ = {
			isa = PBXFrameworksBuildPhase;
			buildActionMask = 2147483647;
			files = (
			);
			runOnlyForDeploymentPostprocessing = 0;
		};
		048676F3297AE2960024F268 /* Frameworks */ = {
			isa = PBXFrameworksBuildPhase;
			buildActionMask = 2147483647;
			files = (
			);
			runOnlyForDeploymentPostprocessing = 0;
		};
		048676FD297AE2960024F268 /* Frameworks */ = {
			isa = PBXFrameworksBuildPhase;
			buildActionMask = 2147483647;
			files = (
			);
			runOnlyForDeploymentPostprocessing = 0;
		};
/* End PBXFrameworksBuildPhase section */

/* Begin PBXGroup section */
		0412CD82297B296900944B2D /* ViewController */ = {
			isa = PBXGroup;
			children = (
				048676E4297AE2820024F268 /* LoginViewController.swift */,
				040CD54E297B224D00CB84F2 /* HomeViewController.swift */,
				04D28762297C48F600998686 /* WebHTMLViewController.swift */,
			);
			path = ViewController;
			sourceTree = "<group>";
		};
		0412CD83297B29AE00944B2D /* View */ = {
			isa = PBXGroup;
			children = (
				048676E6297AE2820024F268 /* Main.storyboard */,
			);
			path = View;
			sourceTree = "<group>";
		};
		0412CD84297B29B900944B2D /* Model */ = {
			isa = PBXGroup;
			children = (
				0412CD85297B2A0A00944B2D /* Model.swift */,
			);
			path = Model;
			sourceTree = "<group>";
		};
		0412CD87297B2DC800944B2D /* TableViewCell */ = {
			isa = PBXGroup;
			children = (
				0412CD88297B2DF700944B2D /* TableViewCell.swift */,
			);
			path = TableViewCell;
			sourceTree = "<group>";
		};
		0412CD8A297C20CB00944B2D /* ViewModel */ = {
			isa = PBXGroup;
			children = (
				0412CD8B297C20F000944B2D /* ViewModel.swift */,
			);
			path = ViewModel;
			sourceTree = "<group>";
		};
		0459765A297D0A310018C4B9 /* Extention TableView */ = {
			isa = PBXGroup;
			children = (
				04D28760297C480C00998686 /* Extention TableView.swift */,
				0412CD87297B2DC800944B2D /* TableViewCell */,
			);
			path = "Extention TableView";
			sourceTree = "<group>";
		};
		048676D4297AE2820024F268 = {
			isa = PBXGroup;
			children = (
				048676DF297AE2820024F268 /* KathiravanVajroTask */,
				048676F9297AE2960024F268 /* KathiravanVajroTaskTests */,
				04867703297AE2960024F268 /* KathiravanVajroTaskUITests */,
				048676DE297AE2820024F268 /* Products */,
			);
			sourceTree = "<group>";
		};
		048676DE297AE2820024F268 /* Products */ = {
			isa = PBXGroup;
			children = (
				048676DD297AE2820024F268 /* KathiravanVajroTask.app */,
				048676F6297AE2960024F268 /* KathiravanVajroTaskTests.xctest */,
				04867700297AE2960024F268 /* KathiravanVajroTaskUITests.xctest */,
			);
			name = Products;
			sourceTree = "<group>";
		};
		048676DF297AE2820024F268 /* KathiravanVajroTask */ = {
			isa = PBXGroup;
			children = (
				048676E0297AE2820024F268 /* AppDelegate.swift */,
				048676E2297AE2820024F268 /* SceneDelegate.swift */,
				0412CD82297B296900944B2D /* ViewController */,
				0459765A297D0A310018C4B9 /* Extention TableView */,
				0412CD84297B29B900944B2D /* Model */,
				0412CD83297B29AE00944B2D /* View */,
				0412CD8A297C20CB00944B2D /* ViewModel */,
				048676EC297AE2950024F268 /* Assets.xcassets */,
				048676EE297AE2950024F268 /* LaunchScreen.storyboard */,
				048676F1297AE2950024F268 /* Info.plist */,
				048676E9297AE2820024F268 /* KathiravanVajroTask.xcdatamodeld */,
			);
			path = KathiravanVajroTask;
			sourceTree = "<group>";
		};
		048676F9297AE2960024F268 /* KathiravanVajroTaskTests */ = {
			isa = PBXGroup;
			children = (
				048676FA297AE2960024F268 /* KathiravanVajroTaskTests.swift */,
			);
			path = KathiravanVajroTaskTests;
			sourceTree = "<group>";
		};
		04867703297AE2960024F268 /* KathiravanVajroTaskUITests */ = {
			isa = PBXGroup;
			children = (
				04867704297AE2960024F268 /* KathiravanVajroTaskUITests.swift */,
				04867706297AE2960024F268 /* KathiravanVajroTaskUITestsLaunchTests.swift */,
			);
			path = KathiravanVajroTaskUITests;
			sourceTree = "<group>";
		};
/* End PBXGroup section */

/* Begin PBXNativeTarget section */
		048676DC297AE2820024F268 /* KathiravanVajroTask */ = {
			isa = PBXNativeTarget;
			buildConfigurationList = 0486770A297AE2960024F268 /* Build configuration list for PBXNativeTarget "KathiravanVajroTask" */;
			buildPhases = (
				048676D9297AE2820024F268 /* Sources */,
				048676DA297AE2820024F268 /* Frameworks */,
				048676DB297AE2820024F268 /* Resources */,
			);
			buildRules = (
			);
			dependencies = (
			);
			name = KathiravanVajroTask;
			productName = KathiravanVajroTask;
			productReference = 048676DD297AE2820024F268 /* KathiravanVajroTask.app */;
			productType = "com.apple.product-type.application";
		};
		048676F5297AE2960024F268 /* KathiravanVajroTaskTests */ = {
			isa = PBXNativeTarget;
			buildConfigurationList = 0486770D297AE2960024F268 /* Build configuration list for PBXNativeTarget "KathiravanVajroTaskTests" */;
			buildPhases = (
				048676F2297AE2960024F268 /* Sources */,
				048676F3297AE2960024F268 /* Frameworks */,
				048676F4297AE2960024F268 /* Resources */,
			);
			buildRules = (
			);
			dependencies = (
				048676F8297AE2960024F268 /* PBXTargetDependency */,
			);
			name = KathiravanVajroTaskTests;
			productName = KathiravanVajroTaskTests;
			productReference = 048676F6297AE2960024F268 /* KathiravanVajroTaskTests.xctest */;
			productType = "com.apple.product-type.bundle.unit-test";
		};
		048676FF297AE2960024F268 /* KathiravanVajroTaskUITests */ = {
			isa = PBXNativeTarget;
			buildConfigurationList = 04867710297AE2960024F268 /* Build configuration list for PBXNativeTarget "KathiravanVajroTaskUITests" */;
			buildPhases = (
				048676FC297AE2960024F268 /* Sources */,
				048676FD297AE2960024F268 /* Frameworks */,
				048676FE297AE2960024F268 /* Resources */,
			);
			buildRules = (
			);
			dependencies = (
				04867702297AE2960024F268 /* PBXTargetDependency */,
			);
			name = KathiravanVajroTaskUITests;
			productName = KathiravanVajroTaskUITests;
			productReference = 04867700297AE2960024F268 /* KathiravanVajroTaskUITests.xctest */;
			productType = "com.apple.product-type.bundle.ui-testing";
		};
/* End PBXNativeTarget section */

/* Begin PBXProject section */
		048676D5297AE2820024F268 /* Project object */ = {
			isa = PBXProject;
			attributes = {
				BuildIndependentTargetsInParallel = 1;
				LastSwiftUpdateCheck = 1420;
				LastUpgradeCheck = 1420;
				TargetAttributes = {
					048676DC297AE2820024F268 = {
						CreatedOnToolsVersion = 14.2;
					};
					048676F5297AE2960024F268 = {
						CreatedOnToolsVersion = 14.2;
						TestTargetID = 048676DC297AE2820024F268;
					};
					048676FF297AE2960024F268 = {
						CreatedOnToolsVersion = 14.2;
						TestTargetID = 048676DC297AE2820024F268;
					};
				};
			};
			buildConfigurationList = 048676D8297AE2820024F268 /* Build configuration list for PBXProject "KathiravanVajroTask" */;
			compatibilityVersion = "Xcode 14.0";
			developmentRegion = en;
			hasScannedForEncodings = 0;
			knownRegions = (
				en,
				Base,
			);
			mainGroup = 048676D4297AE2820024F268;
			productRefGroup = 048676DE297AE2820024F268 /* Products */;
			projectDirPath = "";
			projectRoot = "";
			targets = (
				048676DC297AE2820024F268 /* KathiravanVajroTask */,
				048676F5297AE2960024F268 /* KathiravanVajroTaskTests */,
				048676FF297AE2960024F268 /* KathiravanVajroTaskUITests */,
			);
		};
/* End PBXProject section */

/* Begin PBXResourcesBuildPhase section */
		048676DB297AE2820024F268 /* Resources */ = {
			isa = PBXResourcesBuildPhase;
			buildActionMask = 2147483647;
			files = (
				048676F0297AE2950024F268 /* LaunchScreen.storyboard in Resources */,
				048676ED297AE2950024F268 /* Assets.xcassets in Resources */,
				048676E8297AE2820024F268 /* Main.storyboard in Resources */,
			);
			runOnlyForDeploymentPostprocessing = 0;
		};
		048676F4297AE2960024F268 /* Resources */ = {
			isa = PBXResourcesBuildPhase;
			buildActionMask = 2147483647;
			files = (
			);
			runOnlyForDeploymentPostprocessing = 0;
		};
		048676FE297AE2960024F268 /* Resources */ = {
			isa = PBXResourcesBuildPhase;
			buildActionMask = 2147483647;
			files = (
			);
			runOnlyForDeploymentPostprocessing = 0;
		};
/* End PBXResourcesBuildPhase section */

/* Begin PBXSourcesBuildPhase section */
		048676D9297AE2820024F268 /* Sources */ = {
			isa = PBXSourcesBuildPhase;
			buildActionMask = 2147483647;
			files = (
				04D28761297C480C00998686 /* Extention TableView.swift in Sources */,
				040CD54F297B224D00CB84F2 /* HomeViewController.swift in Sources */,
				048676EB297AE2830024F268 /* KathiravanVajroTask.xcdatamodeld in Sources */,
				048676E5297AE2820024F268 /* LoginViewController.swift in Sources */,
				04D28763297C48F600998686 /* WebHTMLViewController.swift in Sources */,
				0412CD86297B2A0A00944B2D /* Model.swift in Sources */,
				048676E1297AE2820024F268 /* AppDelegate.swift in Sources */,
				0412CD89297B2DF700944B2D /* TableViewCell.swift in Sources */,
				0412CD8C297C20F000944B2D /* ViewModel.swift in Sources */,
				048676E3297AE2820024F268 /* SceneDelegate.swift in Sources */,
			);
			runOnlyForDeploymentPostprocessing = 0;
		};
		048676F2297AE2960024F268 /* Sources */ = {
			isa = PBXSourcesBuildPhase;
			buildActionMask = 2147483647;
			files = (
				048676FB297AE2960024F268 /* KathiravanVajroTaskTests.swift in Sources */,
			);
			runOnlyForDeploymentPostprocessing = 0;
		};
		048676FC297AE2960024F268 /* Sources */ = {
			isa = PBXSourcesBuildPhase;
			buildActionMask = 2147483647;
			files = (
				04867705297AE2960024F268 /* KathiravanVajroTaskUITests.swift in Sources */,
				04867707297AE2960024F268 /* KathiravanVajroTaskUITestsLaunchTests.swift in Sources */,
			);
			runOnlyForDeploymentPostprocessing = 0;
		};
/* End PBXSourcesBuildPhase section */

/* Begin PBXTargetDependency section */
		048676F8297AE2960024F268 /* PBXTargetDependency */ = {
			isa = PBXTargetDependency;
			target = 048676DC297AE2820024F268 /* KathiravanVajroTask */;
			targetProxy = 048676F7297AE2960024F268 /* PBXContainerItemProxy */;
		};
		04867702297AE2960024F268 /* PBXTargetDependency */ = {
			isa = PBXTargetDependency;
			target = 048676DC297AE2820024F268 /* KathiravanVajroTask */;
			targetProxy = 04867701297AE2960024F268 /* PBXContainerItemProxy */;
		};
/* End PBXTargetDependency section */

/* Begin PBXVariantGroup section */
		048676E6297AE2820024F268 /* Main.storyboard */ = {
			isa = PBXVariantGroup;
			children = (
				048676E7297AE2820024F268 /* Base */,
			);
			name = Main.storyboard;
			sourceTree = "<group>";
		};
		048676EE297AE2950024F268 /* LaunchScreen.storyboard */ = {
			isa = PBXVariantGroup;
			children = (
				048676EF297AE2950024F268 /* Base */,
			);
			name = LaunchScreen.storyboard;
			sourceTree = "<group>";
		};
/* End PBXVariantGroup section */

/* Begin XCBuildConfiguration section */
		04867708297AE2960024F268 /* Debug */ = {
			isa = XCBuildConfiguration;
			buildSettings = {
				ALWAYS_SEARCH_USER_PATHS = NO;
				CLANG_ANALYZER_NONNULL = YES;
				CLANG_ANALYZER_NUMBER_OBJECT_CONVERSION = YES_AGGRESSIVE;
				CLANG_CXX_LANGUAGE_STANDARD = "gnu++20";
				CLANG_ENABLE_MODULES = YES;
				CLANG_ENABLE_OBJC_ARC = YES;
				CLANG_ENABLE_OBJC_WEAK = YES;
				CLANG_WARN_BLOCK_CAPTURE_AUTORELEASING = YES;
				CLANG_WARN_BOOL_CONVERSION = YES;
				CLANG_WARN_COMMA = YES;
				CLANG_WARN_CONSTANT_CONVERSION = YES;
				CLANG_WARN_DEPRECATED_OBJC_IMPLEMENTATIONS = YES;
				CLANG_WARN_DIRECT_OBJC_ISA_USAGE = YES_ERROR;
				CLANG_WARN_DOCUMENTATION_COMMENTS = YES;
				CLANG_WARN_EMPTY_BODY = YES;
				CLANG_WARN_ENUM_CONVERSION = YES;
				CLANG_WARN_INFINITE_RECURSION = YES;
				CLANG_WARN_INT_CONVERSION = YES;
				CLANG_WARN_NON_LITERAL_NULL_CONVERSION = YES;
				CLANG_WARN_OBJC_IMPLICIT_RETAIN_SELF = YES;
				CLANG_WARN_OBJC_LITERAL_CONVERSION = YES;
				CLANG_WARN_OBJC_ROOT_CLASS = YES_ERROR;
				CLANG_WARN_QUOTED_INCLUDE_IN_FRAMEWORK_HEADER = YES;
				CLANG_WARN_RANGE_LOOP_ANALYSIS = YES;
				CLANG_WARN_STRICT_PROTOTYPES = YES;
				CLANG_WARN_SUSPICIOUS_MOVE = YES;
				CLANG_WARN_UNGUARDED_AVAILABILITY = YES_AGGRESSIVE;
				CLANG_WARN_UNREACHABLE_CODE = YES;
				CLANG_WARN__DUPLICATE_METHOD_MATCH = YES;
				COPY_PHASE_STRIP = NO;
				DEBUG_INFORMATION_FORMAT = dwarf;
				ENABLE_STRICT_OBJC_MSGSEND = YES;
				ENABLE_TESTABILITY = YES;
				GCC_C_LANGUAGE_STANDARD = gnu11;
				GCC_DYNAMIC_NO_PIC = NO;
				GCC_NO_COMMON_BLOCKS = YES;
				GCC_OPTIMIZATION_LEVEL = 0;
				GCC_PREPROCESSOR_DEFINITIONS = (
					"DEBUG=1",
					"$(inherited)",
				);
				GCC_WARN_64_TO_32_BIT_CONVERSION = YES;
				GCC_WARN_ABOUT_RETURN_TYPE = YES_ERROR;
				GCC_WARN_UNDECLARED_SELECTOR = YES;
				GCC_WARN_UNINITIALIZED_AUTOS = YES_AGGRESSIVE;
				GCC_WARN_UNUSED_FUNCTION = YES;
				GCC_WARN_UNUSED_VARIABLE = YES;
				IPHONEOS_DEPLOYMENT_TARGET = 16.2;
				MTL_ENABLE_DEBUG_INFO = INCLUDE_SOURCE;
				MTL_FAST_MATH = YES;
				ONLY_ACTIVE_ARCH = YES;
				SDKROOT = iphoneos;
				SWIFT_ACTIVE_COMPILATION_CONDITIONS = DEBUG;
				SWIFT_OPTIMIZATION_LEVEL = "-Onone";
			};
			name = Debug;
		};
		04867709297AE2960024F268 /* Release */ = {
			isa = XCBuildConfiguration;
			buildSettings = {
				ALWAYS_SEARCH_USER_PATHS = NO;
				CLANG_ANALYZER_NONNULL = YES;
				CLANG_ANALYZER_NUMBER_OBJECT_CONVERSION = YES_AGGRESSIVE;
				CLANG_CXX_LANGUAGE_STANDARD = "gnu++20";
				CLANG_ENABLE_MODULES = YES;
				CLANG_ENABLE_OBJC_ARC = YES;
				CLANG_ENABLE_OBJC_WEAK = YES;
				CLANG_WARN_BLOCK_CAPTURE_AUTORELEASING = YES;
				CLANG_WARN_BOOL_CONVERSION = YES;
				CLANG_WARN_COMMA = YES;
				CLANG_WARN_CONSTANT_CONVERSION = YES;
				CLANG_WARN_DEPRECATED_OBJC_IMPLEMENTATIONS = YES;
				CLANG_WARN_DIRECT_OBJC_ISA_USAGE = YES_ERROR;
				CLANG_WARN_DOCUMENTATION_COMMENTS = YES;
				CLANG_WARN_EMPTY_BODY = YES;
				CLANG_WARN_ENUM_CONVERSION = YES;
				CLANG_WARN_INFINITE_RECURSION = YES;
				CLANG_WARN_INT_CONVERSION = YES;
				CLANG_WARN_NON_LITERAL_NULL_CONVERSION = YES;
				CLANG_WARN_OBJC_IMPLICIT_RETAIN_SELF = YES;
				CLANG_WARN_OBJC_LITERAL_CONVERSION = YES;
				CLANG_WARN_OBJC_ROOT_CLASS = YES_ERROR;
				CLANG_WARN_QUOTED_INCLUDE_IN_FRAMEWORK_HEADER = YES;
				CLANG_WARN_RANGE_LOOP_ANALYSIS = YES;
				CLANG_WARN_STRICT_PROTOTYPES = YES;
				CLANG_WARN_SUSPICIOUS_MOVE = YES;
				CLANG_WARN_UNGUARDED_AVAILABILITY = YES_AGGRESSIVE;
				CLANG_WARN_UNREACHABLE_CODE = YES;
				CLANG_WARN__DUPLICATE_METHOD_MATCH = YES;
				COPY_PHASE_STRIP = NO;
				DEBUG_INFORMATION_FORMAT = "dwarf-with-dsym";
				ENABLE_NS_ASSERTIONS = NO;
				ENABLE_STRICT_OBJC_MSGSEND = YES;
				GCC_C_LANGUAGE_STANDARD = gnu11;
				GCC_NO_COMMON_BLOCKS = YES;
				GCC_WARN_64_TO_32_BIT_CONVERSION = YES;
				GCC_WARN_ABOUT_RETURN_TYPE = YES_ERROR;
				GCC_WARN_UNDECLARED_SELECTOR = YES;
				GCC_WARN_UNINITIALIZED_AUTOS = YES_AGGRESSIVE;
				GCC_WARN_UNUSED_FUNCTION = YES;
				GCC_WARN_UNUSED_VARIABLE = YES;
				IPHONEOS_DEPLOYMENT_TARGET = 16.2;
				MTL_ENABLE_DEBUG_INFO = NO;
				MTL_FAST_MATH = YES;
				SDKROOT = iphoneos;
				SWIFT_COMPILATION_MODE = wholemodule;
				SWIFT_OPTIMIZATION_LEVEL = "-O";
				VALIDATE_PRODUCT = YES;
			};
			name = Release;
		};
		0486770B297AE2960024F268 /* Debug */ = {
			isa = XCBuildConfiguration;
			buildSettings = {
				ASSETCATALOG_COMPILER_APPICON_NAME = AppIcon;
				ASSETCATALOG_COMPILER_GLOBAL_ACCENT_COLOR_NAME = AccentColor;
				CODE_SIGN_STYLE = Automatic;
				CURRENT_PROJECT_VERSION = 1;
				DEVELOPMENT_TEAM = TASBSSP9MZ;
				GENERATE_INFOPLIST_FILE = YES;
				INFOPLIST_FILE = KathiravanVajroTask/Info.plist;
				INFOPLIST_KEY_UIApplicationSupportsIndirectInputEvents = YES;
				INFOPLIST_KEY_UILaunchStoryboardName = LaunchScreen;
				INFOPLIST_KEY_UIMainStoryboardFile = Main;
				INFOPLIST_KEY_UISupportedInterfaceOrientations_iPad = "UIInterfaceOrientationPortrait UIInterfaceOrientationPortraitUpsideDown UIInterfaceOrientationLandscapeLeft UIInterfaceOrientationLandscapeRight";
				INFOPLIST_KEY_UISupportedInterfaceOrientations_iPhone = "UIInterfaceOrientationPortrait UIInterfaceOrientationLandscapeLeft UIInterfaceOrientationLandscapeRight";
				IPHONEOS_DEPLOYMENT_TARGET = 16.1;
				LD_RUNPATH_SEARCH_PATHS = (
					"$(inherited)",
					"@executable_path/Frameworks",
				);
				MARKETING_VERSION = 1.0;
				PRODUCT_BUNDLE_IDENTIFIER = com.Dentulu.KathiravanVajroTask;
				PRODUCT_NAME = "$(TARGET_NAME)";
				SWIFT_EMIT_LOC_STRINGS = YES;
				SWIFT_VERSION = 5.0;
				TARGETED_DEVICE_FAMILY = "1,2";
			};
			name = Debug;
		};
		0486770C297AE2960024F268 /* Release */ = {
			isa = XCBuildConfiguration;
			buildSettings = {
				ASSETCATALOG_COMPILER_APPICON_NAME = AppIcon;
				ASSETCATALOG_COMPILER_GLOBAL_ACCENT_COLOR_NAME = AccentColor;
				CODE_SIGN_STYLE = Automatic;
				CURRENT_PROJECT_VERSION = 1;
				DEVELOPMENT_TEAM = TASBSSP9MZ;
				GENERATE_INFOPLIST_FILE = YES;
				INFOPLIST_FILE = KathiravanVajroTask/Info.plist;
				INFOPLIST_KEY_UIApplicationSupportsIndirectInputEvents = YES;
				INFOPLIST_KEY_UILaunchStoryboardName = LaunchScreen;
				INFOPLIST_KEY_UIMainStoryboardFile = Main;
				INFOPLIST_KEY_UISupportedInterfaceOrientations_iPad = "UIInterfaceOrientationPortrait UIInterfaceOrientationPortraitUpsideDown UIInterfaceOrientationLandscapeLeft UIInterfaceOrientationLandscapeRight";
				INFOPLIST_KEY_UISupportedInterfaceOrientations_iPhone = "UIInterfaceOrientationPortrait UIInterfaceOrientationLandscapeLeft UIInterfaceOrientationLandscapeRight";
				IPHONEOS_DEPLOYMENT_TARGET = 16.1;
				LD_RUNPATH_SEARCH_PATHS = (
					"$(inherited)",
					"@executable_path/Frameworks",
				);
				MARKETING_VERSION = 1.0;
				PRODUCT_BUNDLE_IDENTIFIER = com.Dentulu.KathiravanVajroTask;
				PRODUCT_NAME = "$(TARGET_NAME)";
				SWIFT_EMIT_LOC_STRINGS = YES;
				SWIFT_VERSION = 5.0;
				TARGETED_DEVICE_FAMILY = "1,2";
			};
			name = Release;
		};
		0486770E297AE2960024F268 /* Debug */ = {
			isa = XCBuildConfiguration;
			buildSettings = {
				ALWAYS_EMBED_SWIFT_STANDARD_LIBRARIES = YES;
				BUNDLE_LOADER = "$(TEST_HOST)";
				CODE_SIGN_STYLE = Automatic;
				CURRENT_PROJECT_VERSION = 1;
				DEVELOPMENT_TEAM = TASBSSP9MZ;
				GENERATE_INFOPLIST_FILE = YES;
				IPHONEOS_DEPLOYMENT_TARGET = 16.2;
				MARKETING_VERSION = 1.0;
				PRODUCT_BUNDLE_IDENTIFIER = com.Dentulu.KathiravanVajroTaskTests;
				PRODUCT_NAME = "$(TARGET_NAME)";
				SWIFT_EMIT_LOC_STRINGS = NO;
				SWIFT_VERSION = 5.0;
				TARGETED_DEVICE_FAMILY = "1,2";
				TEST_HOST = "$(BUILT_PRODUCTS_DIR)/KathiravanVajroTask.app/$(BUNDLE_EXECUTABLE_FOLDER_PATH)/KathiravanVajroTask";
			};
			name = Debug;
		};
		0486770F297AE2960024F268 /* Release */ = {
			isa = XCBuildConfiguration;
			buildSettings = {
				ALWAYS_EMBED_SWIFT_STANDARD_LIBRARIES = YES;
				BUNDLE_LOADER = "$(TEST_HOST)";
				CODE_SIGN_STYLE = Automatic;
				CURRENT_PROJECT_VERSION = 1;
				DEVELOPMENT_TEAM = TASBSSP9MZ;
				GENERATE_INFOPLIST_FILE = YES;
				IPHONEOS_DEPLOYMENT_TARGET = 16.2;
				MARKETING_VERSION = 1.0;
				PRODUCT_BUNDLE_IDENTIFIER = com.Dentulu.KathiravanVajroTaskTests;
				PRODUCT_NAME = "$(TARGET_NAME)";
				SWIFT_EMIT_LOC_STRINGS = NO;
				SWIFT_VERSION = 5.0;
				TARGETED_DEVICE_FAMILY = "1,2";
				TEST_HOST = "$(BUILT_PRODUCTS_DIR)/KathiravanVajroTask.app/$(BUNDLE_EXECUTABLE_FOLDER_PATH)/KathiravanVajroTask";
			};
			name = Release;
		};
		04867711297AE2960024F268 /* Debug */ = {
			isa = XCBuildConfiguration;
			buildSettings = {
				ALWAYS_EMBED_SWIFT_STANDARD_LIBRARIES = YES;
				CODE_SIGN_STYLE = Automatic;
				CURRENT_PROJECT_VERSION = 1;
				DEVELOPMENT_TEAM = TASBSSP9MZ;
				GENERATE_INFOPLIST_FILE = YES;
				MARKETING_VERSION = 1.0;
				PRODUCT_BUNDLE_IDENTIFIER = com.Dentulu.KathiravanVajroTaskUITests;
				PRODUCT_NAME = "$(TARGET_NAME)";
				SWIFT_EMIT_LOC_STRINGS = NO;
				SWIFT_VERSION = 5.0;
				TARGETED_DEVICE_FAMILY = "1,2";
				TEST_TARGET_NAME = KathiravanVajroTask;
			};
			name = Debug;
		};
		04867712297AE2960024F268 /* Release */ = {
			isa = XCBuildConfiguration;
			buildSettings = {
				ALWAYS_EMBED_SWIFT_STANDARD_LIBRARIES = YES;
				CODE_SIGN_STYLE = Automatic;
				CURRENT_PROJECT_VERSION = 1;
				DEVELOPMENT_TEAM = TASBSSP9MZ;
				GENERATE_INFOPLIST_FILE = YES;
				MARKETING_VERSION = 1.0;
				PRODUCT_BUNDLE_IDENTIFIER = com.Dentulu.KathiravanVajroTaskUITests;
				PRODUCT_NAME = "$(TARGET_NAME)";
				SWIFT_EMIT_LOC_STRINGS = NO;
				SWIFT_VERSION = 5.0;
				TARGETED_DEVICE_FAMILY = "1,2";
				TEST_TARGET_NAME = KathiravanVajroTask;
			};
			name = Release;
		};
/* End XCBuildConfiguration section */

/* Begin XCConfigurationList section */
		048676D8297AE2820024F268 /* Build configuration list for PBXProject "KathiravanVajroTask" */ = {
			isa = XCConfigurationList;
			buildConfigurations = (
				04867708297AE2960024F268 /* Debug */,
				04867709297AE2960024F268 /* Release */,
			);
			defaultConfigurationIsVisible = 0;
			defaultConfigurationName = Release;
		};
		0486770A297AE2960024F268 /* Build configuration list for PBXNativeTarget "KathiravanVajroTask" */ = {
			isa = XCConfigurationList;
			buildConfigurations = (
				0486770B297AE2960024F268 /* Debug */,
				0486770C297AE2960024F268 /* Release */,
			);
			defaultConfigurationIsVisible = 0;
			defaultConfigurationName = Release;
		};
		0486770D297AE2960024F268 /* Build configuration list for PBXNativeTarget "KathiravanVajroTaskTests" */ = {
			isa = XCConfigurationList;
			buildConfigurations = (
				0486770E297AE2960024F268 /* Debug */,
				0486770F297AE2960024F268 /* Release */,
			);
			defaultConfigurationIsVisible = 0;
			defaultConfigurationName = Release;
		};
		04867710297AE2960024F268 /* Build configuration list for PBXNativeTarget "KathiravanVajroTaskUITests" */ = {
			isa = XCConfigurationList;
			buildConfigurations = (
				04867711297AE2960024F268 /* Debug */,
				04867712297AE2960024F268 /* Release */,
			);
			defaultConfigurationIsVisible = 0;
			defaultConfigurationName = Release;
		};
/* End XCConfigurationList section */

/* Begin XCVersionGroup section */
		048676E9297AE2820024F268 /* KathiravanVajroTask.xcdatamodeld */ = {
			isa = XCVersionGroup;
			children = (
				048676EA297AE2820024F268 /* KathiravanVajroTask.xcdatamodel */,
			);
			currentVersion = 048676EA297AE2820024F268 /* KathiravanVajroTask.xcdatamodel */;
			path = KathiravanVajroTask.xcdatamodeld;
			sourceTree = "<group>";
			versionGroupType = wrapper.xcdatamodel;
		};
/* End XCVersionGroup section */
	};
	rootObject = 048676D5297AE2820024F268 /* Project object */;
}
